{
  "nodes": {
    "nixpkgs": {
      "locked": {
        "lastModified": 1729755165,
        "narHash": "sha256-6IpnOHWsaSSjT3yvqlrWfHW6HVCT+wOAlUpcooGJ+FQ=",
        "owner": "NixOS",
        "repo": "nixpkgs",
        "rev": "cabaf14d3e69c9921d7acedf5d7d60bb2b90be02",
        "type": "github"
      },
      "original": {
        "owner": "NixOS",
        "ref": "nixpkgs-unstable",
        "repo": "nixpkgs",
        "type": "github"
      }
    },
    "root": {
      "inputs": {
        "nixpkgs": "nixpkgs"
      }
    }
  },
  "root": "root",
  "version": 7
}
